
Microsoft Visual Studio Solution File, Format Version 12.00
# Visual Studio Version 16
VisualStudioVersion = 16.0.31025.194
MinimumVisualStudioVersion = 10.0.40219.1
Project("{9A19103F-16F7-4668-BE54-9A1E7A4F7556}") = "DataAccess", "DataAccess\DataAccess.csproj", "{D968F238-911F-4CD7-BA75-45BEF70CA545}"
EndProject
Project("{9A19103F-16F7-4668-BE54-9A1E7A4F7556}") = "Business", "Business\Business.csproj", "{1F037832-FF5E-46CE-A218-2CC02F214C9C}"
EndProject
Project("{9A19103F-16F7-4668-BE54-9A1E7A4F7556}") = "Entities", "Entities\Entities.csproj", "{19E3B75D-19CC-419B-9D93-499F4E2D918E}"
EndProject
Project("{9A19103F-16F7-4668-BE54-9A1E7A4F7556}") = "ConsoleUI", "ConsoleUI\ConsoleUI.csproj", "{DD84CAE8-D9A8-402D-AB1F-CD2E9F333C26}"
EndProject
Project("{FAE04EC0-301F-11D3-BF4B-00C04F79EFBC}") = "Core", "Core\Core.csproj", "{6BB1E5BE-FC3A-4A1B-8D8A-955A269D424F}"
EndProject
Global
	GlobalSection(SolutionConfigurationPlatforms) = preSolution
		Debug|Any CPU = Debug|Any CPU
		Release|Any CPU = Release|Any CPU
	EndGlobalSection
	GlobalSection(ProjectConfigurationPlatforms) = postSolution
		{D968F238-911F-4CD7-BA75-45BEF70CA545}.Debug|Any CPU.ActiveCfg = Debug|Any CPU
		{D968F238-911F-4CD7-BA75-45BEF70CA545}.Debug|Any CPU.Build.0 = Debug|Any CPU
		{D968F238-911F-4CD7-BA75-45BEF70CA545}.Release|Any CPU.ActiveCfg = Release|Any CPU
		{D968F238-911F-4CD7-BA75-45BEF70CA545}.Release|Any CPU.Build.0 = Release|Any CPU
		{1F037832-FF5E-46CE-A218-2CC02F214C9C}.Debug|Any CPU.ActiveCfg = Debug|Any CPU
		{1F037832-FF5E-46CE-A218-2CC02F214C9C}.Debug|Any CPU.Build.0 = Debug|Any CPU
		{1F037832-FF5E-46CE-A218-2CC02F214C9C}.Release|Any CPU.ActiveCfg = Release|Any CPU
		{1F037832-FF5E-46CE-A218-2CC02F214C9C}.Release|Any CPU.Build.0 = Release|Any CPU
		{19E3B75D-19CC-419B-9D93-499F4E2D918E}.Debug|Any CPU.ActiveCfg = Debug|Any CPU
		{19E3B75D-19CC-419B-9D93-499F4E2D918E}.Debug|Any CPU.Build.0 = Debug|Any CPU
		{19E3B75D-19CC-419B-9D93-499F4E2D918E}.Release|Any CPU.ActiveCfg = Release|Any CPU
		{19E3B75D-19CC-419B-9D93-499F4E2D918E}.Release|Any CPU.Build.0 = Release|Any CPU
		{DD84CAE8-D9A8-402D-AB1F-CD2E9F333C26}.Debug|Any CPU.ActiveCfg = Debug|Any CPU
		{DD84CAE8-D9A8-402D-AB1F-CD2E9F333C26}.Debug|Any CPU.Build.0 = Debug|Any CPU
		{DD84CAE8-D9A8-402D-AB1F-CD2E9F333C26}.Release|Any CPU.ActiveCfg = Release|Any CPU
		{DD84CAE8-D9A8-402D-AB1F-CD2E9F333C26}.Release|Any CPU.Build.0 = Release|Any CPU
		{6BB1E5BE-FC3A-4A1B-8D8A-955A269D424F}.Debug|Any CPU.ActiveCfg = Debug|Any CPU
		{6BB1E5BE-FC3A-4A1B-8D8A-955A269D424F}.Debug|Any CPU.Build.0 = Debug|Any CPU
		{6BB1E5BE-FC3A-4A1B-8D8A-955A269D424F}.Release|Any CPU.ActiveCfg = Release|Any CPU
		{6BB1E5BE-FC3A-4A1B-8D8A-955A269D424F}.Release|Any CPU.Build.0 = Release|Any CPU
	EndGlobalSection
	GlobalSection(SolutionProperties) = preSolution
		HideSolutionNode = FALSE
	EndGlobalSection
	GlobalSection(ExtensibilityGlobals) = postSolution
		SolutionGuid = {75E9B1BD-DBA5-4D7E-9798-9A7CA3121783}
	EndGlobalSection
EndGlobal
